
Microsoft Visual Studio Solution File, Format Version 12.00
# Visual Studio 15
VisualStudioVersion = 15.0.27703.2035
MinimumVisualStudioVersion = 10.0.40219.1
Project("{FAE04EC0-301F-11D3-BF4B-00C04F79EFBC}") = "Plugins", "Plugins\Plugins\Plugins.csproj", "{A2557D75-2893-401F-B51A-00D9DD922308}"
EndProject
Project("{FAE04EC0-301F-11D3-BF4B-00C04F79EFBC}") = "Plugins.Android", "Plugins\Plugins.Android\Plugins.Android.csproj", "{2EF68118-2009-46B8-B656-6BA8EB14CE56}"
EndProject
Project("{FAE04EC0-301F-11D3-BF4B-00C04F79EFBC}") = "Plugins.iOS", "Plugins\Plugins.iOS\Plugins.iOS.csproj", "{FE1A7351-8C31-41F1-BD8F-61B0B45867A6}"
EndProject
Global
	GlobalSection(SolutionConfigurationPlatforms) = preSolution
		Ad-Hoc|Any CPU = Ad-Hoc|Any CPU
		Ad-Hoc|iPhone = Ad-Hoc|iPhone
		Ad-Hoc|iPhoneSimulator = Ad-Hoc|iPhoneSimulator
		AppStore|Any CPU = AppStore|Any CPU
		AppStore|iPhone = AppStore|iPhone
		AppStore|iPhoneSimulator = AppStore|iPhoneSimulator
		Debug|Any CPU = Debug|Any CPU
		Debug|iPhone = Debug|iPhone
		Debug|iPhoneSimulator = Debug|iPhoneSimulator
		Release|Any CPU = Release|Any CPU
		Release|iPhone = Release|iPhone
		Release|iPhoneSimulator = Release|iPhoneSimulator
	EndGlobalSection
	GlobalSection(ProjectConfigurationPlatforms) = postSolution
		{A2557D75-2893-401F-B51A-00D9DD922308}.Ad-Hoc|Any CPU.ActiveCfg = Debug|Any CPU
		{A2557D75-2893-401F-B51A-00D9DD922308}.Ad-Hoc|Any CPU.Build.0 = Debug|Any CPU
		{A2557D75-2893-401F-B51A-00D9DD922308}.Ad-Hoc|iPhone.ActiveCfg = Debug|Any CPU
		{A2557D75-2893-401F-B51A-00D9DD922308}.Ad-Hoc|iPhone.Build.0 = Debug|Any CPU
		{A2557D75-2893-401F-B51A-00D9DD922308}.Ad-Hoc|iPhoneSimulator.ActiveCfg = Debug|Any CPU
		{A2557D75-2893-401F-B51A-00D9DD922308}.Ad-Hoc|iPhoneSimulator.Build.0 = Debug|Any CPU
		{A2557D75-2893-401F-B51A-00D9DD922308}.AppStore|Any CPU.ActiveCfg = Debug|Any CPU
		{A2557D75-2893-401F-B51A-00D9DD922308}.AppStore|Any CPU.Build.0 = Debug|Any CPU
		{A2557D75-2893-401F-B51A-00D9DD922308}.AppStore|iPhone.ActiveCfg = Debug|Any CPU
		{A2557D75-2893-401F-B51A-00D9DD922308}.AppStore|iPhone.Build.0 = Debug|Any CPU
		{A2557D75-2893-401F-B51A-00D9DD922308}.AppStore|iPhoneSimulator.ActiveCfg = Debug|Any CPU
		{A2557D75-2893-401F-B51A-00D9DD922308}.AppStore|iPhoneSimulator.Build.0 = Debug|Any CPU
		{A2557D75-2893-401F-B51A-00D9DD922308}.Debug|Any CPU.ActiveCfg = Debug|Any CPU
		{A2557D75-2893-401F-B51A-00D9DD922308}.Debug|Any CPU.Build.0 = Debug|Any CPU
		{A2557D75-2893-401F-B51A-00D9DD922308}.Debug|iPhone.ActiveCfg = Debug|Any CPU
		{A2557D75-2893-401F-B51A-00D9DD922308}.Debug|iPhone.Build.0 = Debug|Any CPU
		{A2557D75-2893-401F-B51A-00D9DD922308}.Debug|iPhoneSimulator.ActiveCfg = Debug|Any CPU
		{A2557D75-2893-401F-B51A-00D9DD922308}.Debug|iPhoneSimulator.Build.0 = Debug|Any CPU
		{A2557D75-2893-401F-B51A-00D9DD922308}.Release|Any CPU.ActiveCfg = Release|Any CPU
		{A2557D75-2893-401F-B51A-00D9DD922308}.Release|Any CPU.Build.0 = Release|Any CPU
		{A2557D75-2893-401F-B51A-00D9DD922308}.Release|iPhone.ActiveCfg = Release|Any CPU
		{A2557D75-2893-401F-B51A-00D9DD922308}.Release|iPhone.Build.0 = Release|Any CPU
		{A2557D75-2893-401F-B51A-00D9DD922308}.Release|iPhoneSimulator.ActiveCfg = Release|Any CPU
		{A2557D75-2893-401F-B51A-00D9DD922308}.Release|iPhoneSimulator.Build.0 = Release|Any CPU
		{2EF68118-2009-46B8-B656-6BA8EB14CE56}.Ad-Hoc|Any CPU.ActiveCfg = Release|Any CPU
		{2EF68118-2009-46B8-B656-6BA8EB14CE56}.Ad-Hoc|Any CPU.Build.0 = Release|Any CPU
		{2EF68118-2009-46B8-B656-6BA8EB14CE56}.Ad-Hoc|Any CPU.Deploy.0 = Release|Any CPU
		{2EF68118-2009-46B8-B656-6BA8EB14CE56}.Ad-Hoc|iPhone.ActiveCfg = Release|Any CPU
		{2EF68118-2009-46B8-B656-6BA8EB14CE56}.Ad-Hoc|iPhone.Build.0 = Release|Any CPU
		{2EF68118-2009-46B8-B656-6BA8EB14CE56}.Ad-Hoc|iPhone.Deploy.0 = Release|Any CPU
		{2EF68118-2009-46B8-B656-6BA8EB14CE56}.Ad-Hoc|iPhoneSimulator.ActiveCfg = Release|Any CPU
		{2EF68118-2009-46B8-B656-6BA8EB14CE56}.Ad-Hoc|iPhoneSimulator.Build.0 = Release|Any CPU
		{2EF68118-2009-46B8-B656-6BA8EB14CE56}.Ad-Hoc|iPhoneSimulator.Deploy.0 = Release|Any CPU
		{2EF68118-2009-46B8-B656-6BA8EB14CE56}.AppStore|Any CPU.ActiveCfg = Release|Any CPU
		{2EF68118-2009-46B8-B656-6BA8EB14CE56}.AppStore|Any CPU.Build.0 = Release|Any CPU
		{2EF68118-2009-46B8-B656-6BA8EB14CE56}.AppStore|Any CPU.Deploy.0 = Release|Any CPU
		{2EF68118-2009-46B8-B656-6BA8EB14CE56}.AppStore|iPhone.ActiveCfg = Release|Any CPU
		{2EF68118-2009-46B8-B656-6BA8EB14CE56}.AppStore|iPhone.Build.0 = Release|Any CPU
		{2EF68118-2009-46B8-B656-6BA8EB14CE56}.AppStore|iPhone.Deploy.0 = Release|Any CPU
		{2EF68118-2009-46B8-B656-6BA8EB14CE56}.AppStore|iPhoneSimulator.ActiveCfg = Release|Any CPU
		{2EF68118-2009-46B8-B656-6BA8EB14CE56}.AppStore|iPhoneSimulator.Build.0 = Release|Any CPU
		{2EF68118-2009-46B8-B656-6BA8EB14CE56}.AppStore|iPhoneSimulator.Deploy.0 = Release|Any CPU
		{2EF68118-2009-46B8-B656-6BA8EB14CE56}.Debug|Any CPU.ActiveCfg = Debug|Any CPU
		{2EF68118-2009-46B8-B656-6BA8EB14CE56}.Debug|Any CPU.Build.0 = Debug|Any CPU
		{2EF68118-2009-46B8-B656-6BA8EB14CE56}.Debug|Any CPU.Deploy.0 = Debug|Any CPU
		{2EF68118-2009-46B8-B656-6BA8EB14CE56}.Debug|iPhone.ActiveCfg = Debug|Any CPU
		{2EF68118-2009-46B8-B656-6BA8EB14CE56}.Debug|iPhone.Build.0 = Debug|Any CPU
		{2EF68118-2009-46B8-B656-6BA8EB14CE56}.Debug|iPhone.Deploy.0 = Debug|Any CPU
		{2EF68118-2009-46B8-B656-6BA8EB14CE56}.Debug|iPhoneSimulator.ActiveCfg = Debug|Any CPU
		{2EF68118-2009-46B8-B656-6BA8EB14CE56}.Debug|iPhoneSimulator.Build.0 = Debug|Any CPU
		{2EF68118-2009-46B8-B656-6BA8EB14CE56}.Debug|iPhoneSimulator.Deploy.0 = Debug|Any CPU
		{2EF68118-2009-46B8-B656-6BA8EB14CE56}.Release|Any CPU.ActiveCfg = Release|Any CPU
		{2EF68118-2009-46B8-B656-6BA8EB14CE56}.Release|Any CPU.Build.0 = Release|Any CPU
		{2EF68118-2009-46B8-B656-6BA8EB14CE56}.Release|Any CPU.Deploy.0 = Release|Any CPU
		{2EF68118-2009-46B8-B656-6BA8EB14CE56}.Release|iPhone.ActiveCfg = Release|Any CPU
		{2EF68118-2009-46B8-B656-6BA8EB14CE56}.Release|iPhone.Build.0 = Release|Any CPU
		{2EF68118-2009-46B8-B656-6BA8EB14CE56}.Release|iPhone.Deploy.0 = Release|Any CPU
		{2EF68118-2009-46B8-B656-6BA8EB14CE56}.Release|iPhoneSimulator.ActiveCfg = Release|Any CPU
		{2EF68118-2009-46B8-B656-6BA8EB14CE56}.Release|iPhoneSimulator.Build.0 = Release|Any CPU
		{2EF68118-2009-46B8-B656-6BA8EB14CE56}.Release|iPhoneSimulator.Deploy.0 = Release|Any CPU
		{FE1A7351-8C31-41F1-BD8F-61B0B45867A6}.Ad-Hoc|Any CPU.ActiveCfg = Ad-Hoc|iPhone
		{FE1A7351-8C31-41F1-BD8F-61B0B45867A6}.Ad-Hoc|iPhone.ActiveCfg = Ad-Hoc|iPhone
		{FE1A7351-8C31-41F1-BD8F-61B0B45867A6}.Ad-Hoc|iPhone.Build.0 = Ad-Hoc|iPhone
		{FE1A7351-8C31-41F1-BD8F-61B0B45867A6}.Ad-Hoc|iPhoneSimulator.ActiveCfg = Ad-Hoc|iPhoneSimulator
		{FE1A7351-8C31-41F1-BD8F-61B0B45867A6}.Ad-Hoc|iPhoneSimulator.Build.0 = Ad-Hoc|iPhoneSimulator
		{FE1A7351-8C31-41F1-BD8F-61B0B45867A6}.AppStore|Any CPU.ActiveCfg = AppStore|iPhone
		{FE1A7351-8C31-41F1-BD8F-61B0B45867A6}.AppStore|iPhone.ActiveCfg = AppStore|iPhone
		{FE1A7351-8C31-41F1-BD8F-61B0B45867A6}.AppStore|iPhone.Build.0 = AppStore|iPhone
		{FE1A7351-8C31-41F1-BD8F-61B0B45867A6}.AppStore|iPhoneSimulator.ActiveCfg = AppStore|iPhoneSimulator
		{FE1A7351-8C31-41F1-BD8F-61B0B45867A6}.AppStore|iPhoneSimulator.Build.0 = AppStore|iPhoneSimulator
		{FE1A7351-8C31-41F1-BD8F-61B0B45867A6}.Debug|Any CPU.ActiveCfg = Debug|iPhone
		{FE1A7351-8C31-41F1-BD8F-61B0B45867A6}.Debug|iPhone.ActiveCfg = Debug|iPhone
		{FE1A7351-8C31-41F1-BD8F-61B0B45867A6}.Debug|iPhone.Build.0 = Debug|iPhone
		{FE1A7351-8C31-41F1-BD8F-61B0B45867A6}.Debug|iPhoneSimulator.ActiveCfg = Debug|iPhoneSimulator
		{FE1A7351-8C31-41F1-BD8F-61B0B45867A6}.Debug|iPhoneSimulator.Build.0 = Debug|iPhoneSimulator
		{FE1A7351-8C31-41F1-BD8F-61B0B45867A6}.Release|Any CPU.ActiveCfg = Release|iPhone
		{FE1A7351-8C31-41F1-BD8F-61B0B45867A6}.Release|iPhone.ActiveCfg = Release|iPhone
		{FE1A7351-8C31-41F1-BD8F-61B0B45867A6}.Release|iPhone.Build.0 = Release|iPhone
		{FE1A7351-8C31-41F1-BD8F-61B0B45867A6}.Release|iPhoneSimulator.ActiveCfg = Release|iPhoneSimulator
		{FE1A7351-8C31-41F1-BD8F-61B0B45867A6}.Release|iPhoneSimulator.Build.0 = Release|iPhoneSimulator
	EndGlobalSection
	GlobalSection(SolutionProperties) = preSolution
		HideSolutionNode = FALSE
	EndGlobalSection
	GlobalSection(ExtensibilityGlobals) = postSolution
		SolutionGuid = {68ACE6AD-D88F-4C42-9C69-312E707E3C11}
	EndGlobalSection
EndGlobal
